<?xml version="1.0" encoding="utf-8"?>
<Project ToolsVersion="4.0" xmlns="http://schemas.microsoft.com/developer/msbuild/2003">
  <ItemGroup>
    <Filter Include="Source Files">
      <UniqueIdentifier>{4FC737F1-C7A5-4376-A066-2A32D752A2FF}</UniqueIdentifier>
      <Extensions>cpp;c;cc;cxx;c++;cppm;ixx;def;odl;idl;hpj;bat;asm;asmx</Extensions>
    </Filter>
    <Filter Include="Header Files">
      <UniqueIdentifier>{93995380-89BD-4b04-88EB-625FBE52EBFB}</UniqueIdentifier>
      <Extensions>h;hh;hpp;hxx;h++;hm;inl;inc;ipp;xsd</Extensions>
    </Filter>
    <Filter Include="Resource Files">
      <UniqueIdentifier>{67DA6AB6-F800-4c08-8B7A-83BB121AAD01}</UniqueIdentifier>
      <Extensions>rc;ico;cur;bmp;dlg;rc2;rct;bin;rgs;gif;jpg;jpeg;jpe;resx;tiff;tif;png;wav;mfcribbon-ms</Extensions>
    </Filter>
  </ItemGroup>
  <ItemGroup>
    <ClCompile Include="src\main.cpp">
      <Filter>Source Files</Filter>
    </ClCompile>
    <ClCompile Include="src\Window.cpp">
      <Filter>Source Files</Filter>
    </ClCompile>
    <ClCompile Include="src\pch.cpp">
      <Filter>Source Files</Filter>
    </ClCompile>
    <ClCompile Include="src\Utilities.cpp">
      <Filter>Source Files</Filter>
    </ClCompile>
    <ClCompile Include="src\Application.cpp">
      <Filter>Source Files</Filter>
    </ClCompile>
    <ClCompile Include="src\Input.cpp">
      <Filter>Source Files</Filter>
    </ClCompile>
    <ClCompile Include="src\Timer.cpp">
      <Filter>Source Files</Filter>
    </ClCompile>
    <ClCompile Include="src\Camera\Camera.cpp">
      <Filter>Source Files</Filter>
    </ClCompile>
    <ClCompile Include="src\Graphics\API\GfxDevice.cpp">
      <Filter>Source Files</Filter>
    </ClCompile>
    <ClCompile Include="src\Graphics\API\DXDevice.cpp">
      <Filter>Source Files</Filter>
    </ClCompile>
    <ClCompile Include="src\Graphics\API\GfxDescriptorsPrimitive.cpp">
      <Filter>Source Files</Filter>
    </ClCompile>
    <ClCompile Include="src\Graphics\API\GfxTypes.cpp">
      <Filter>Source Files</Filter>
    </ClCompile>
    <ClCompile Include="src\Graphics\API\GfxHelperTypes.cpp">
      <Filter>Source Files</Filter>
    </ClCompile>
    <ClCompile Include="src\Graphics\API\GfxDescriptorsAbstraction.cpp">
      <Filter>Source Files</Filter>
    </ClCompile>
    <ClCompile Include="src\Graphics\API\GfxVertexTypes.cpp">
      <Filter>Source Files</Filter>
    </ClCompile>
    <ClCompile Include="src\Profiler\FrameProfiler.cpp">
      <Filter>Source Files</Filter>
    </ClCompile>
    <ClCompile Include="src\Profiler\CPUProfiler.cpp">
      <Filter>Source Files</Filter>
    </ClCompile>
    <ClCompile Include="src\Profiler\GPUProfiler.cpp">
      <Filter>Source Files</Filter>
    </ClCompile>
    <ClCompile Include="src\Camera\FPPCamera.cpp">
      <Filter>Source Files</Filter>
    </ClCompile>
    <ClCompile Include="src\Camera\FPCController.cpp">
      <Filter>Source Files</Filter>
    </ClCompile>
    <ClCompile Include="src\Graphics\API\ImGuiDevice.cpp">
      <Filter>Source Files</Filter>
    </ClCompile>
    <ClCompile Include="vendor\imgui-docking\imgui.cpp">
      <Filter>Source Files</Filter>
    </ClCompile>
    <ClCompile Include="vendor\imgui-docking\imgui_demo.cpp">
      <Filter>Source Files</Filter>
    </ClCompile>
    <ClCompile Include="vendor\imgui-docking\imgui_draw.cpp">
      <Filter>Source Files</Filter>
    </ClCompile>
    <ClCompile Include="vendor\imgui-docking\imgui_tables.cpp">
      <Filter>Source Files</Filter>
    </ClCompile>
    <ClCompile Include="vendor\imgui-docking\imgui_widgets.cpp">
      <Filter>Source Files</Filter>
    </ClCompile>
    <ClCompile Include="vendor\imgui-docking\backends\imgui_impl_dx11.cpp">
      <Filter>Source Files</Filter>
    </ClCompile>
    <ClCompile Include="vendor\imgui-docking\backends\imgui_impl_win32.cpp">
      <Filter>Source Files</Filter>
    </ClCompile>
    <ClCompile Include="src\AssimpLoader.cpp">
      <Filter>Source Files</Filter>
    </ClCompile>
    <ClCompile Include="src\Graphics\DiskTextureManager.cpp">
      <Filter>Source Files</Filter>
    </ClCompile>
    <ClCompile Include="src\Graphics\Material.cpp">
      <Filter>Source Files</Filter>
    </ClCompile>
    <ClCompile Include="src\Graphics\Model.cpp">
      <Filter>Source Files</Filter>
    </ClCompile>
    <ClCompile Include="src\Graphics\MaterialManager.cpp">
      <Filter>Source Files</Filter>
    </ClCompile>
    <ClCompile Include="src\Graphics\ModelManager.cpp">
      <Filter>Source Files</Filter>
    </ClCompile>
    <ClCompile Include="src\Graphics\Renderer\Renderer.cpp">
      <Filter>Source Files</Filter>
    </ClCompile>
    <ClCompile Include="src\Graphics\API\GfxHandles.cpp">
      <Filter>Source Files</Filter>
    </ClCompile>
    <ClCompile Include="src\Graphics\CommandBucket\GfxCommandDispatch.cpp">
      <Filter>Source Files</Filter>
    </ClCompile>
    <ClCompile Include="src\Graphics\CommandBucket\GfxCommandPacket.cpp">
      <Filter>Source Files</Filter>
    </ClCompile>
    <ClCompile Include="src\Graphics\CommandBucket\GfxCommand.cpp">
      <Filter>Source Files</Filter>
    </ClCompile>
    <ClCompile Include="src\Memory\LinearAllocator.cpp">
      <Filter>Source Files</Filter>
    </ClCompile>
    <ClCompile Include="src\Graphics\Renderer\ModelRenderer.cpp">
      <Filter>Source Files</Filter>
    </ClCompile>
    <ClCompile Include="inc\Graphics\API\GfxCommon.cpp">
      <Filter>Source Files</Filter>
    </ClCompile>
  </ItemGroup>
  <ItemGroup>
    <ClInclude Include="inc\Window.h">
      <Filter>Header Files</Filter>
    </ClInclude>
    <ClInclude Include="inc\pch.h">
      <Filter>Header Files</Filter>
    </ClInclude>
    <ClInclude Include="inc\Utilities.h">
      <Filter>Header Files</Filter>
    </ClInclude>
    <ClInclude Include="inc\Application.h">
      <Filter>Header Files</Filter>
    </ClInclude>
    <ClInclude Include="inc\Input.h">
      <Filter>Header Files</Filter>
    </ClInclude>
    <ClInclude Include="inc\Timer.h">
      <Filter>Header Files</Filter>
    </ClInclude>
    <ClInclude Include="inc\Camera\Camera.h">
      <Filter>Header Files</Filter>
    </ClInclude>
    <ClInclude Include="inc\Graphics\API\GfxCommon.h">
      <Filter>Header Files</Filter>
    </ClInclude>
    <ClInclude Include="inc\Graphics\API\GfxDevice.h">
      <Filter>Header Files</Filter>
    </ClInclude>
    <ClInclude Include="inc\Graphics\API\DXDevice.h">
      <Filter>Header Files</Filter>
    </ClInclude>
    <ClInclude Include="inc\Graphics\API\GfxDescriptorsPrimitive.h">
      <Filter>Header Files</Filter>
    </ClInclude>
    <ClInclude Include="inc\Graphics\API\GfxTypes.h">
      <Filter>Header Files</Filter>
    </ClInclude>
    <ClInclude Include="inc\Graphics\API\GfxHelperTypes.h">
      <Filter>Header Files</Filter>
    </ClInclude>
    <ClInclude Include="inc\Graphics\API\GfxDescriptorsAbstraction.h">
      <Filter>Header Files</Filter>
    </ClInclude>
    <ClInclude Include="inc\Graphics\API\GfxVertexTypes.h">
      <Filter>Header Files</Filter>
    </ClInclude>
    <ClInclude Include="inc\Globals.h">
      <Filter>Header Files</Filter>
    </ClInclude>
    <ClInclude Include="inc\Profiler\FrameProfiler.h">
      <Filter>Header Files</Filter>
    </ClInclude>
    <ClInclude Include="inc\Profiler\CPUProfiler.h">
      <Filter>Header Files</Filter>
    </ClInclude>
    <ClInclude Include="inc\Profiler\GPUProfiler.h">
      <Filter>Header Files</Filter>
    </ClInclude>
    <ClInclude Include="inc\Camera\FPPCamera.h">
      <Filter>Header Files</Filter>
    </ClInclude>
    <ClInclude Include="inc\Camera\FPCController.h">
      <Filter>Header Files</Filter>
    </ClInclude>
    <ClInclude Include="inc\Graphics\API\ImGuiDevice.h">
      <Filter>Header Files</Filter>
    </ClInclude>
    <ClInclude Include="vendor\imgui-docking\imgui.h">
      <Filter>Header Files</Filter>
    </ClInclude>
    <ClInclude Include="vendor\imgui-docking\imgui_internal.h">
      <Filter>Header Files</Filter>
    </ClInclude>
    <ClInclude Include="vendor\imgui-docking\imstb_rectpack.h">
      <Filter>Header Files</Filter>
    </ClInclude>
    <ClInclude Include="vendor\imgui-docking\imstb_truetype.h">
      <Filter>Header Files</Filter>
    </ClInclude>
    <ClInclude Include="vendor\imgui-docking\imstb_textedit.h">
      <Filter>Header Files</Filter>
    </ClInclude>
    <ClInclude Include="vendor\imgui-docking\imconfig.h">
      <Filter>Header Files</Filter>
    </ClInclude>
    <ClInclude Include="vendor\imgui-docking\backends\imgui_impl_dx11.h">
      <Filter>Header Files</Filter>
    </ClInclude>
    <ClInclude Include="vendor\imgui-docking\backends\imgui_impl_win32.h">
      <Filter>Header Files</Filter>
    </ClInclude>
    <ClInclude Include="inc\AssimpLoader.h">
      <Filter>Header Files</Filter>
    </ClInclude>
    <ClInclude Include="inc\Graphics\DiskTextureManager.h">
      <Filter>Header Files</Filter>
    </ClInclude>
    <ClInclude Include="vendor\stb\include\stb_image.h">
      <Filter>Header Files</Filter>
    </ClInclude>
    <ClInclude Include="inc\Graphics\Material.h">
      <Filter>Header Files</Filter>
    </ClInclude>
    <ClInclude Include="inc\Graphics\Model.h">
      <Filter>Header Files</Filter>
    </ClInclude>
    <ClInclude Include="inc\Graphics\MaterialManager.h">
      <Filter>Header Files</Filter>
    </ClInclude>
    <ClInclude Include="inc\AssimpTypes.h">
      <Filter>Header Files</Filter>
    </ClInclude>
    <ClInclude Include="inc\Graphics\ModelManager.h">
      <Filter>Header Files</Filter>
    </ClInclude>
    <ClInclude Include="inc\Graphics\Renderer\Renderer.h">
      <Filter>Header Files</Filter>
    </ClInclude>
    <ClInclude Include="inc\ResourceHandlePool.h">
      <Filter>Header Files</Filter>
    </ClInclude>
    <ClInclude Include="inc\Graphics\API\GfxHandles.h">
      <Filter>Header Files</Filter>
    </ClInclude>
    <ClInclude Include="inc\NamedType.h">
      <Filter>Header Files</Filter>
    </ClInclude>
    <ClInclude Include="inc\Graphics\CommandBucket\GfxCommand.h">
      <Filter>Header Files</Filter>
    </ClInclude>
    <ClInclude Include="inc\Graphics\CommandBucket\GfxCommandDispatch.h">
      <Filter>Header Files</Filter>
    </ClInclude>
    <ClInclude Include="inc\Graphics\CommandBucket\GfxCommandBucket.h">
      <Filter>Header Files</Filter>
    </ClInclude>
    <ClInclude Include="inc\Graphics\CommandBucket\GfxCommandPacket.h">
      <Filter>Header Files</Filter>
    </ClInclude>
    <ClInclude Include="inc\Memory\LinearAllocator.h">
      <Filter>Header Files</Filter>
    </ClInclude>
    <ClInclude Include="inc\Memory\Allocator.h">
      <Filter>Header Files</Filter>
    </ClInclude>
    <ClInclude Include="inc\Graphics\Renderer\ModelRenderer.h">
      <Filter>Header Files</Filter>
    </ClInclude>
    <ClInclude Include="inc\ResourceHandleKey.h">
      <Filter>Header Files</Filter>
    </ClInclude>
    <ClInclude Include="inc\DepthDefines.h">
      <Filter>Header Files</Filter>
    </ClInclude>
    <ClInclude Include="shaders\ShaderInterop_Common.h">
      <Filter>Header Files</Filter>
    </ClInclude>
    <ClInclude Include="shaders\ShaderInterop_Renderer.h">
      <Filter>Header Files</Filter>
    </ClInclude>
  </ItemGroup>
  <ItemGroup>
    <FxCompile Include="shaders\gpassVS.hlsl" />
    <FxCompile Include="shaders\gpassPS.hlsl" />
    <FxCompile Include="shaders\lightpassVS.hlsl" />
    <FxCompile Include="shaders\lightPassPS.hlsl" />
    <FxCompile Include="shaders\finalQuadVS.hlsl" />
    <FxCompile Include="shaders\finalQuadPS.hlsl" />
    <FxCompile Include="shaders\depthOnlyVS.hlsl" />
    <FxCompile Include="shaders\depthOnlyPS.hlsl" />
    <FxCompile Include="shaders\SDSM_ReduceTexToBuffer.hlsl" />
    <FxCompile Include="shaders\SDSM_FinalReduction.hlsl" />
    <FxCompile Include="shaders\SDSM_ComputeSplits.hlsl" />
  </ItemGroup>
  <ItemGroup>
    <None Include="shaders\TonemappingAlgorithms.hlsli" />
  </ItemGroup>
</Project>